
Microsoft Visual Studio Solution File, Format Version 12.00
# Visual Studio Version 17
VisualStudioVersion = 17.5.33530.505
MinimumVisualStudioVersion = 10.0.40219.1
Project("{FAE04EC0-301F-11D3-BF4B-00C04F79EFBC}") = "ADOAndDapperConsol", "ADOAndDapperConsol\ADOAndDapperConsol.csproj", "{D50D00B0-6F28-4ED9-A54C-C2334FBFB53B}"
EndProject
Global
	GlobalSection(SolutionConfigurationPlatforms) = preSolution
		Debug|Any CPU = Debug|Any CPU
		Release|Any CPU = Release|Any CPU
	EndGlobalSection
	GlobalSection(ProjectConfigurationPlatforms) = postSolution
		{D50D00B0-6F28-4ED9-A54C-C2334FBFB53B}.Debug|Any CPU.ActiveCfg = Debug|Any CPU
		{D50D00B0-6F28-4ED9-A54C-C2334FBFB53B}.Debug|Any CPU.Build.0 = Debug|Any CPU
		{D50D00B0-6F28-4ED9-A54C-C2334FBFB53B}.Release|Any CPU.ActiveCfg = Release|Any CPU
		{D50D00B0-6F28-4ED9-A54C-C2334FBFB53B}.Release|Any CPU.Build.0 = Release|Any CPU
	EndGlobalSection
	GlobalSection(SolutionProperties) = preSolution
		HideSolutionNode = FALSE
	EndGlobalSection
	GlobalSection(ExtensibilityGlobals) = postSolution
		SolutionGuid = {9FA0760B-EDF3-4182-815F-5DC2E4B78576}
	EndGlobalSection
EndGlobal
